
Microsoft Visual Studio Solution File, Format Version 12.00
# Visual Studio Version 17
VisualStudioVersion = 17.3.32929.385
MinimumVisualStudioVersion = 10.0.40219.1
Project("{FAE04EC0-301F-11D3-BF4B-00C04F79EFBC}") = "KEP", "KEP\KEP.csproj", "{C2B49586-9115-4F81-A68B-A7DD2D51733E}"
EndProject
Global
	GlobalSection(SolutionConfigurationPlatforms) = preSolution
		Debug|Any CPU = Debug|Any CPU
		Release|Any CPU = Release|Any CPU
	EndGlobalSection
	GlobalSection(ProjectConfigurationPlatforms) = postSolution
		{C2B49586-9115-4F81-A68B-A7DD2D51733E}.Debug|Any CPU.ActiveCfg = Debug|Any CPU
		{C2B49586-9115-4F81-A68B-A7DD2D51733E}.Debug|Any CPU.Build.0 = Debug|Any CPU
		{C2B49586-9115-4F81-A68B-A7DD2D51733E}.Release|Any CPU.ActiveCfg = Release|Any CPU
		{C2B49586-9115-4F81-A68B-A7DD2D51733E}.Release|Any CPU.Build.0 = Release|Any CPU
	EndGlobalSection
	GlobalSection(SolutionProperties) = preSolution
		HideSolutionNode = FALSE
	EndGlobalSection
	GlobalSection(ExtensibilityGlobals) = postSolution
		SolutionGuid = {393A4D1C-D07A-4440-B957-53645B3E8D58}
	EndGlobalSection
EndGlobal
